
Microsoft Visual Studio Solution File, Format Version 11.00
# Visual Studio 2010
Project("{8BC9CEB8-8B4A-11D0-8D11-00A0C91BC942}") = "Traffic_Monitoring", "Traffic_Monitoring.vcxproj", "{52012A03-2E04-FA03-FC86-3FBC5E6F0BF9}"
EndProject
Global
	GlobalSection(SolutionConfigurationPlatforms) = preSolution
		Debug|Win32 = Debug|Win32
		Debug|x64 = Debug|x64
		Release|Win32 = Release|Win32
		Release|x64 = Release|x64
	EndGlobalSection
	GlobalSection(ProjectConfigurationPlatforms) = postSolution
		{52012A03-2E04-FA03-FC86-3FBC5E6F0BF9}.Debug|Win32.ActiveCfg = Debug|Win32
		{52012A03-2E04-FA03-FC86-3FBC5E6F0BF9}.Debug|Win32.Build.0 = Debug|Win32
		{52012A03-2E04-FA03-FC86-3FBC5E6F0BF9}.Debug|x64.ActiveCfg = Debug|Win32
		{52012A03-2E04-FA03-FC86-3FBC5E6F0BF9}.Debug|x64.Build.0 = Debug|Win32
		{52012A03-2E04-FA03-FC86-3FBC5E6F0BF9}.Release|Win32.ActiveCfg = Release|Win32
		{52012A03-2E04-FA03-FC86-3FBC5E6F0BF9}.Release|Win32.Build.0 = Release|Win32
		{52012A03-2E04-FA03-FC86-3FBC5E6F0BF9}.Release|x64.ActiveCfg = Release|x64
		{52012A03-2E04-FA03-FC86-3FBC5E6F0BF9}.Release|x64.Build.0 = Release|x64
	EndGlobalSection
	GlobalSection(SolutionProperties) = preSolution
		HideSolutionNode = FALSE
	EndGlobalSection
EndGlobal
